PODS:
  - Alamofire (4.4.0)
  - SWXMLHash (3.0.4)

DEPENDENCIES:
  - Alamofire
  - SWXMLHash (~> 3.0.0)

SPEC CHECKSUMS:
  Alamofire: dc44b1600b800eb63da6a19039a0083d62a6a62d
  SWXMLHash: 29d20b84692fc319ea8ed933058fe7d8d005139b

PODFILE CHECKSUM: 16a39e4f7782f54c3d5d39467503d6eb4bc10e92

COCOAPODS: 1.2.0
