// !$*UTF8*$!
{
	archiveVersion = 1;
	classes = {
	};
	objectVersion = 46;
	objects = {

/* Begin PBXBuildFile section */
		6D78D3D21E9B218300C594B0 /* AppDelegate.swift in Sources */ = {isa = PBXBuildFile; fileRef = 6D78D3D11E9B218300C594B0 /* AppDelegate.swift */; };
		6D78D3D41E9B218300C594B0 /* ViewController.swift in Sources */ = {isa = PBXBuildFile; fileRef = 6D78D3D31E9B218300C594B0 /* ViewController.swift */; };
		6D78D3D71E9B218300C594B0 /* Main.storyboard in Resources */ = {isa = PBXBuildFile; fileRef = 6D78D3D51E9B218300C594B0 /* Main.storyboard */; };
		6D78D3DA1E9B218300C594B0 /* RSS.xcdatamodeld in Sources */ = {isa = PBXBuildFile; fileRef = 6D78D3D81E9B218300C594B0 /* RSS.xcdatamodeld */; };
		6D78D3DC1E9B218300C594B0 /* Assets.xcassets in Resources */ = {isa = PBXBuildFile; fileRef = 6D78D3DB1E9B218300C594B0 /* Assets.xcassets */; };
		6D78D3DF1E9B218300C594B0 /* LaunchScreen.storyboard in Resources */ = {isa = PBXBuildFile; fileRef = 6D78D3DD1E9B218300C594B0 /* LaunchScreen.storyboard */; };
		6D78D3EA1E9B218400C594B0 /* RSSTests.swift in Sources */ = {isa = PBXBuildFile; fileRef = 6D78D3E91E9B218400C594B0 /* RSSTests.swift */; };
		6D78D3F51E9B218400C594B0 /* RSSUITests.swift in Sources */ = {isa = PBXBuildFile; fileRef = 6D78D3F41E9B218400C594B0 /* RSSUITests.swift */; };
/* End PBXBuildFile section */

/* Begin PBXContainerItemProxy section */
		6D78D3E61E9B218400C594B0 /* PBXContainerItemProxy */ = {
			isa = PBXContainerItemProxy;
			containerPortal = 6D78D3C61E9B218300C594B0 /* Project object */;
			proxyType = 1;
			remoteGlobalIDString = 6D78D3CD1E9B218300C594B0;
			remoteInfo = RSS;
		};
		6D78D3F11E9B218400C594B0 /* PBXContainerItemProxy */ = {
			isa = PBXContainerItemProxy;
			containerPortal = 6D78D3C61E9B218300C594B0 /* Project object */;
			proxyType = 1;
			remoteGlobalIDString = 6D78D3CD1E9B218300C594B0;
			remoteInfo = RSS;
		};
/* End PBXContainerItemProxy section */

/* Begin PBXFileReference section */
		6D78D3CE1E9B218300C594B0 /* RSS.app */ = {isa = PBXFileReference; explicitFileType = wrapper.application; includeInIndex = 0; path = RSS.app; sourceTree = BUILT_PRODUCTS_DIR; };
		6D78D3D11E9B218300C594B0 /* AppDelegate.swift */ = {isa = PBXFileReference; lastKnownFileType = sourcecode.swift; path = AppDelegate.swift; sourceTree = "<group>"; };
		6D78D3D31E9B218300C594B0 /* ViewController.swift */ = {isa = PBXFileReference; lastKnownFileType = sourcecode.swift; path = ViewController.swift; sourceTree = "<group>"; };
		6D78D3D61E9B218300C594B0 /* Base */ = {isa = PBXFileReference; lastKnownFileType = file.storyboard; name = Base; path = Base.lproj/Main.storyboard; sourceTree = "<group>"; };
		6D78D3D91E9B218300C594B0 /* RSS.xcdatamodel */ = {isa = PBXFileReference; lastKnownFileType = wrapper.xcdatamodel; path = RSS.xcdatamodel; sourceTree = "<group>"; };
		6D78D3DB1E9B218300C594B0 /* Assets.xcassets */ = {isa = PBXFileReference; lastKnownFileType = folder.assetcatalog; path = Assets.xcassets; sourceTree = "<group>"; };
		6D78D3DE1E9B218300C594B0 /* Base */ = {isa = PBXFileReference; lastKnownFileType = file.storyboard; name = Base; path = Base.lproj/LaunchScreen.storyboard; sourceTree = "<group>"; };
		6D78D3E01E9B218300C594B0 /* Info.plist */ = {isa = PBXFileReference; lastKnownFileType = text.plist.xml; path = Info.plist; sourceTree = "<group>"; };
		6D78D3E51E9B218400C594B0 /* RSSTests.xctest */ = {isa = PBXFileReference; explicitFileType = wrapper.cfbundle; includeInIndex = 0; path = RSSTests.xctest; sourceTree = BUILT_PRODUCTS_DIR; };
		6D78D3E91E9B218400C594B0 /* RSSTests.swift */ = {isa = PBXFileReference; lastKnownFileType = sourcecode.swift; path = RSSTests.swift; sourceTree = "<group>"; };
		6D78D3EB1E9B218400C594B0 /* Info.plist */ = {isa = PBXFileReference; lastKnownFileType = text.plist.xml; path = Info.plist; sourceTree = "<group>"; };
		6D78D3F01E9B218400C594B0 /* RSSUITests.xctest */ = {isa = PBXFileReference; explicitFileType = wrapper.cfbundle; includeInIndex = 0; path = RSSUITests.xctest; sourceTree = BUILT_PRODUCTS_DIR; };
		6D78D3F41E9B218400C594B0 /* RSSUITests.swift */ = {isa = PBXFileReference; lastKnownFileType = sourcecode.swift; path = RSSUITests.swift; sourceTree = "<group>"; };
		6D78D3F61E9B218400C594B0 /* Info.plist */ = {isa = PBXFileReference; lastKnownFileType = text.plist.xml; path = Info.plist; sourceTree = "<group>"; };
/* End PBXFileReference section */

/* Begin PBXFrameworksBuildPhase section */
		6D78D3CB1E9B218300C594B0 /* Frameworks */ = {
			isa = PBXFrameworksBuildPhase;
			buildActionMask = 2147483647;
			files = (
			);
			runOnlyForDeploymentPostprocessing = 0;
		};
		6D78D3E21E9B218400C594B0 /* Frameworks */ = {
			isa = PBXFrameworksBuildPhase;
			buildActionMask = 2147483647;
			files = (
			);
			runOnlyForDeploymentPostprocessing = 0;
		};
		6D78D3ED1E9B218400C594B0 /* Frameworks */ = {
			isa = PBXFrameworksBuildPhase;
			buildActionMask = 2147483647;
			files = (
			);
			runOnlyForDeploymentPostprocessing = 0;
		};
/* End PBXFrameworksBuildPhase section */

/* Begin PBXGroup section */
		6D78D3C51E9B218300C594B0 = {
			isa = PBXGroup;
			children = (
				6D78D3D01E9B218300C594B0 /* RSS */,
				6D78D3E81E9B218400C594B0 /* RSSTests */,
				6D78D3F31E9B218400C594B0 /* RSSUITests */,
				6D78D3CF1E9B218300C594B0 /* Products */,
			);
			sourceTree = "<group>";
		};
		6D78D3CF1E9B218300C594B0 /* Products */ = {
			isa = PBXGroup;
			children = (
				6D78D3CE1E9B218300C594B0 /* RSS.app */,
				6D78D3E51E9B218400C594B0 /* RSSTests.xctest */,
				6D78D3F01E9B218400C594B0 /* RSSUITests.xctest */,
			);
			name = Products;
			sourceTree = "<group>";
		};
		6D78D3D01E9B218300C594B0 /* RSS */ = {
			isa = PBXGroup;
			children = (
				6D78D3D11E9B218300C594B0 /* AppDelegate.swift */,
				6D78D3D31E9B218300C594B0 /* ViewController.swift */,
				6D78D3D51E9B218300C594B0 /* Main.storyboard */,
				6D78D3DB1E9B218300C594B0 /* Assets.xcassets */,
				6D78D3DD1E9B218300C594B0 /* LaunchScreen.storyboard */,
				6D78D3E01E9B218300C594B0 /* Info.plist */,
				6D78D3D81E9B218300C594B0 /* RSS.xcdatamodeld */,
			);
			path = RSS;
			sourceTree = "<group>";
		};
		6D78D3E81E9B218400C594B0 /* RSSTests */ = {
			isa = PBXGroup;
			children = (
				6D78D3E91E9B218400C594B0 /* RSSTests.swift */,
				6D78D3EB1E9B218400C594B0 /* Info.plist */,
			);
			path = RSSTests;
			sourceTree = "<group>";
		};
		6D78D3F31E9B218400C594B0 /* RSSUITests */ = {
			isa = PBXGroup;
			children = (
				6D78D3F41E9B218400C594B0 /* RSSUITests.swift */,
				6D78D3F61E9B218400C594B0 /* Info.plist */,
			);
			path = RSSUITests;
			sourceTree = "<group>";
		};
/* End PBXGroup section */

/* Begin PBXNativeTarget section */
		6D78D3CD1E9B218300C594B0 /* RSS */ = {
			isa = PBXNativeTarget;
			buildConfigurationList = 6D78D3F91E9B218400C594B0 /* Build configuration list for PBXNativeTarget "RSS" */;
			buildPhases = (
				6D78D3CA1E9B218300C594B0 /* Sources */,
				6D78D3CB1E9B218300C594B0 /* Frameworks */,
				6D78D3CC1E9B218300C594B0 /* Resources */,
			);
			buildRules = (
			);
			dependencies = (
			);
			name = RSS;
			productName = RSS;
			productReference = 6D78D3CE1E9B218300C594B0 /* RSS.app */;
			productType = "com.apple.product-type.application";
		};
		6D78D3E41E9B218400C594B0 /* RSSTests */ = {
			isa = PBXNativeTarget;
			buildConfigurationList = 6D78D3FC1E9B218400C594B0 /* Build configuration list for PBXNativeTarget "RSSTests" */;
			buildPhases = (
				6D78D3E11E9B218400C594B0 /* Sources */,
				6D78D3E21E9B218400C594B0 /* Frameworks */,
				6D78D3E31E9B218400C594B0 /* Resources */,
			);
			buildRules = (
			);
			dependencies = (
				6D78D3E71E9B218400C594B0 /* PBXTargetDependency */,
			);
			name = RSSTests;
			productName = RSSTests;
			productReference = 6D78D3E51E9B218400C594B0 /* RSSTests.xctest */;
			productType = "com.apple.product-type.bundle.unit-test";
		};
		6D78D3EF1E9B218400C594B0 /* RSSUITests */ = {
			isa = PBXNativeTarget;
			buildConfigurationList = 6D78D3FF1E9B218400C594B0 /* Build configuration list for PBXNativeTarget "RSSUITests" */;
			buildPhases = (
				6D78D3EC1E9B218400C594B0 /* Sources */,
				6D78D3ED1E9B218400C594B0 /* Frameworks */,
				6D78D3EE1E9B218400C594B0 /* Resources */,
			);
			buildRules = (
			);
			dependencies = (
				6D78D3F21E9B218400C594B0 /* PBXTargetDependency */,
			);
			name = RSSUITests;
			productName = RSSUITests;
			productReference = 6D78D3F01E9B218400C594B0 /* RSSUITests.xctest */;
			productType = "com.apple.product-type.bundle.ui-testing";
		};
/* End PBXNativeTarget section */

/* Begin PBXProject section */
		6D78D3C61E9B218300C594B0 /* Project object */ = {
			isa = PBXProject;
			attributes = {
				LastSwiftUpdateCheck = 0820;
				LastUpgradeCheck = 0820;
				ORGANIZATIONNAME = fanpeng;
				TargetAttributes = {
					6D78D3CD1E9B218300C594B0 = {
						CreatedOnToolsVersion = 8.2.1;
						DevelopmentTeam = 287777Y9UG;
						ProvisioningStyle = Automatic;
					};
					6D78D3E41E9B218400C594B0 = {
						CreatedOnToolsVersion = 8.2.1;
						DevelopmentTeam = 287777Y9UG;
						ProvisioningStyle = Automatic;
						TestTargetID = 6D78D3CD1E9B218300C594B0;
					};
					6D78D3EF1E9B218400C594B0 = {
						CreatedOnToolsVersion = 8.2.1;
						DevelopmentTeam = 287777Y9UG;
						ProvisioningStyle = Automatic;
						TestTargetID = 6D78D3CD1E9B218300C594B0;
					};
				};
			};
			buildConfigurationList = 6D78D3C91E9B218300C594B0 /* Build configuration list for PBXProject "RSS" */;
			compatibilityVersion = "Xcode 3.2";
			developmentRegion = English;
			hasScannedForEncodings = 0;
			knownRegions = (
				en,
				Base,
			);
			mainGroup = 6D78D3C51E9B218300C594B0;
			productRefGroup = 6D78D3CF1E9B218300C594B0 /* Products */;
			projectDirPath = "";
			projectRoot = "";
			targets = (
				6D78D3CD1E9B218300C594B0 /* RSS */,
				6D78D3E41E9B218400C594B0 /* RSSTests */,
				6D78D3EF1E9B218400C594B0 /* RSSUITests */,
			);
		};
/* End PBXProject section */

/* Begin PBXResourcesBuildPhase section */
		6D78D3CC1E9B218300C594B0 /* Resources */ = {
			isa = PBXResourcesBuildPhase;
			buildActionMask = 2147483647;
			files = (
				6D78D3DF1E9B218300C594B0 /* LaunchScreen.storyboard in Resources */,
				6D78D3DC1E9B218300C594B0 /* Assets.xcassets in Resources */,
				6D78D3D71E9B218300C594B0 /* Main.storyboard in Resources */,
			);
			runOnlyForDeploymentPostprocessing = 0;
		};
		6D78D3E31E9B218400C594B0 /* Resources */ = {
			isa = PBXResourcesBuildPhase;
			buildActionMask = 2147483647;
			files = (
			);
			runOnlyForDeploymentPostprocessing = 0;
		};
		6D78D3EE1E9B218400C594B0 /* Resources */ = {
			isa = PBXResourcesBuildPhase;
			buildActionMask = 2147483647;
			files = (
			);
			runOnlyForDeploymentPostprocessing = 0;
		};
/* End PBXResourcesBuildPhase section */

/* Begin PBXSourcesBuildPhase section */
		6D78D3CA1E9B218300C594B0 /* Sources */ = {
			isa = PBXSourcesBuildPhase;
			buildActionMask = 2147483647;
			files = (
				6D78D3D41E9B218300C594B0 /* ViewController.swift in Sources */,
				6D78D3DA1E9B218300C594B0 /* RSS.xcdatamodeld in Sources */,
				6D78D3D21E9B218300C594B0 /* AppDelegate.swift in Sources */,
			);
			runOnlyForDeploymentPostprocessing = 0;
		};
		6D78D3E11E9B218400C594B0 /* Sources */ = {
			isa = PBXSourcesBuildPhase;
			buildActionMask = 2147483647;
			files = (
				6D78D3EA1E9B218400C594B0 /* RSSTests.swift in Sources */,
			);
			runOnlyForDeploymentPostprocessing = 0;
		};
		6D78D3EC1E9B218400C594B0 /* Sources */ = {
			isa = PBXSourcesBuildPhase;
			buildActionMask = 2147483647;
			files = (
				6D78D3F51E9B218400C594B0 /* RSSUITests.swift in Sources */,
			);
			runOnlyForDeploymentPostprocessing = 0;
		};
/* End PBXSourcesBuildPhase section */

/* Begin PBXTargetDependency section */
		6D78D3E71E9B218400C594B0 /* PBXTargetDependency */ = {
			isa = PBXTargetDependency;
			target = 6D78D3CD1E9B218300C594B0 /* RSS */;
			targetProxy = 6D78D3E61E9B218400C594B0 /* PBXContainerItemProxy */;
		};
		6D78D3F21E9B218400C594B0 /* PBXTargetDependency */ = {
			isa = PBXTargetDependency;
			target = 6D78D3CD1E9B218300C594B0 /* RSS */;
			targetProxy = 6D78D3F11E9B218400C594B0 /* PBXContainerItemProxy */;
		};
/* End PBXTargetDependency section */

/* Begin PBXVariantGroup section */
		6D78D3D51E9B218300C594B0 /* Main.storyboard */ = {
			isa = PBXVariantGroup;
			children = (
				6D78D3D61E9B218300C594B0 /* Base */,
			);
			name = Main.storyboard;
			sourceTree = "<group>";
		};
		6D78D3DD1E9B218300C594B0 /* LaunchScreen.storyboard */ = {
			isa = PBXVariantGroup;
			children = (
				6D78D3DE1E9B218300C594B0 /* Base */,
			);
			name = LaunchScreen.storyboard;
			sourceTree = "<group>";
		};
/* End PBXVariantGroup section */

/* Begin XCBuildConfiguration section */
		6D78D3F71E9B218400C594B0 /* Debug */ = {
			isa = XCBuildConfiguration;
			buildSettings = {
				ALWAYS_SEARCH_USER_PATHS = NO;
				CLANG_ANALYZER_NONNULL = YES;
				CLANG_CXX_LANGUAGE_STANDARD = "gnu++0x";
				CLANG_CXX_LIBRARY = "libc++";
				CLANG_ENABLE_MODULES = YES;
				CLANG_ENABLE_OBJC_ARC = YES;
				CLANG_WARN_BOOL_CONVERSION = YES;
				CLANG_WARN_CONSTANT_CONVERSION = YES;
				CLANG_WARN_DIRECT_OBJC_ISA_USAGE = YES_ERROR;
				CLANG_WARN_DOCUMENTATION_COMMENTS = YES;
				CLANG_WARN_EMPTY_BODY = YES;
				CLANG_WARN_ENUM_CONVERSION = YES;
				CLANG_WARN_INFINITE_RECURSION = YES;
				CLANG_WARN_INT_CONVERSION = YES;
				CLANG_WARN_OBJC_ROOT_CLASS = YES_ERROR;
				CLANG_WARN_SUSPICIOUS_MOVE = YES;
				CLANG_WARN_UNREACHABLE_CODE = YES;
				CLANG_WARN__DUPLICATE_METHOD_MATCH = YES;
				"CODE_SIGN_IDENTITY[sdk=iphoneos*]" = "iPhone Developer";
				COPY_PHASE_STRIP = NO;
				DEBUG_INFORMATION_FORMAT = dwarf;
				ENABLE_STRICT_OBJC_MSGSEND = YES;
				ENABLE_TESTABILITY = YES;
				GCC_C_LANGUAGE_STANDARD = gnu99;
				GCC_DYNAMIC_NO_PIC = NO;
				GCC_NO_COMMON_BLOCKS = YES;
				GCC_OPTIMIZATION_LEVEL = 0;
				GCC_PREPROCESSOR_DEFINITIONS = (
					"DEBUG=1",
					"$(inherited)",
				);
				GCC_WARN_64_TO_32_BIT_CONVERSION = YES;
				GCC_WARN_ABOUT_RETURN_TYPE = YES_ERROR;
				GCC_WARN_UNDECLARED_SELECTOR = YES;
				GCC_WARN_UNINITIALIZED_AUTOS = YES_AGGRESSIVE;
				GCC_WARN_UNUSED_FUNCTION = YES;
				GCC_WARN_UNUSED_VARIABLE = YES;
				IPHONEOS_DEPLOYMENT_TARGET = 10.2;
				MTL_ENABLE_DEBUG_INFO = YES;
				ONLY_ACTIVE_ARCH = YES;
				SDKROOT = iphoneos;
				SWIFT_ACTIVE_COMPILATION_CONDITIONS = DEBUG;
				SWIFT_OPTIMIZATION_LEVEL = "-Onone";
			};
			name = Debug;
		};
		6D78D3F81E9B218400C594B0 /* Release */ = {
			isa = XCBuildConfiguration;
			buildSettings = {
				ALWAYS_SEARCH_USER_PATHS = NO;
				CLANG_ANALYZER_NONNULL = YES;
				CLANG_CXX_LANGUAGE_STANDARD = "gnu++0x";
				CLANG_CXX_LIBRARY = "libc++";
				CLANG_ENABLE_MODULES = YES;
				CLANG_ENABLE_OBJC_ARC = YES;
				CLANG_WARN_BOOL_CONVERSION = YES;
				CLANG_WARN_CONSTANT_CONVERSION = YES;
				CLANG_WARN_DIRECT_OBJC_ISA_USAGE = YES_ERROR;
				CLANG_WARN_DOCUMENTATION_COMMENTS = YES;
				CLANG_WARN_EMPTY_BODY = YES;
				CLANG_WARN_ENUM_CONVERSION = YES;
				CLANG_WARN_INFINITE_RECURSION = YES;
				CLANG_WARN_INT_CONVERSION = YES;
				CLANG_WARN_OBJC_ROOT_CLASS = YES_ERROR;
				CLANG_WARN_SUSPICIOUS_MOVE = YES;
				CLANG_WARN_UNREACHABLE_CODE = YES;
				CLANG_WARN__DUPLICATE_METHOD_MATCH = YES;
				"CODE_SIGN_IDENTITY[sdk=iphoneos*]" = "iPhone Developer";
				COPY_PHASE_STRIP = NO;
				DEBUG_INFORMATION_FORMAT = "dwarf-with-dsym";
				ENABLE_NS_ASSERTIONS = NO;
				ENABLE_STRICT_OBJC_MSGSEND = YES;
				GCC_C_LANGUAGE_STANDARD = gnu99;
				GCC_NO_COMMON_BLOCKS = YES;
				GCC_WARN_64_TO_32_BIT_CONVERSION = YES;
				GCC_WARN_ABOUT_RETURN_TYPE = YES_ERROR;
				GCC_WARN_UNDECLARED_SELECTOR = YES;
				GCC_WARN_UNINITIALIZED_AUTOS = YES_AGGRESSIVE;
				GCC_WARN_UNUSED_FUNCTION = YES;
				GCC_WARN_UNUSED_VARIABLE = YES;
				IPHONEOS_DEPLOYMENT_TARGET = 10.2;
				MTL_ENABLE_DEBUG_INFO = NO;
				SDKROOT = iphoneos;
				SWIFT_OPTIMIZATION_LEVEL = "-Owholemodule";
				VALIDATE_PRODUCT = YES;
			};
			name = Release;
		};
		6D78D3FA1E9B218400C594B0 /* Debug */ = {
			isa = XCBuildConfiguration;
			buildSettings = {
				ASSETCATALOG_COMPILER_APPICON_NAME = AppIcon;
				DEVELOPMENT_TEAM = 287777Y9UG;
				INFOPLIST_FILE = RSS/Info.plist;
				LD_RUNPATH_SEARCH_PATHS = "$(inherited) @executable_path/Frameworks";
				PRODUCT_BUNDLE_IDENTIFIER = com.BGT.RSS;
				PRODUCT_NAME = "$(TARGET_NAME)";
				SWIFT_VERSION = 3.0;
			};
			name = Debug;
		};
		6D78D3FB1E9B218400C594B0 /* Release */ = {
			isa = XCBuildConfiguration;
			buildSettings = {
				ASSETCATALOG_COMPILER_APPICON_NAME = AppIcon;
				DEVELOPMENT_TEAM = 287777Y9UG;
				INFOPLIST_FILE = RSS/Info.plist;
				LD_RUNPATH_SEARCH_PATHS = "$(inherited) @executable_path/Frameworks";
				PRODUCT_BUNDLE_IDENTIFIER = com.BGT.RSS;
				PRODUCT_NAME = "$(TARGET_NAME)";
				SWIFT_VERSION = 3.0;
			};
			name = Release;
		};
		6D78D3FD1E9B218400C594B0 /* Debug */ = {
			isa = XCBuildConfiguration;
			buildSettings = {
				ALWAYS_EMBED_SWIFT_STANDARD_LIBRARIES = YES;
				BUNDLE_LOADER = "$(TEST_HOST)";
				DEVELOPMENT_TEAM = 287777Y9UG;
				INFOPLIST_FILE = RSSTests/Info.plist;
				LD_RUNPATH_SEARCH_PATHS = "$(inherited) @executable_path/Frameworks @loader_path/Frameworks";
				PRODUCT_BUNDLE_IDENTIFIER = com.BGT.RSSTests;
				PRODUCT_NAME = "$(TARGET_NAME)";
				SWIFT_VERSION = 3.0;
				TEST_HOST = "$(BUILT_PRODUCTS_DIR)/RSS.app/RSS";
			};
			name = Debug;
		};
		6D78D3FE1E9B218400C594B0 /* Release */ = {
			isa = XCBuildConfiguration;
			buildSettings = {
				ALWAYS_EMBED_SWIFT_STANDARD_LIBRARIES = YES;
				BUNDLE_LOADER = "$(TEST_HOST)";
				DEVELOPMENT_TEAM = 287777Y9UG;
				INFOPLIST_FILE = RSSTests/Info.plist;
				LD_RUNPATH_SEARCH_PATHS = "$(inherited) @executable_path/Frameworks @loader_path/Frameworks";
				PRODUCT_BUNDLE_IDENTIFIER = com.BGT.RSSTests;
				PRODUCT_NAME = "$(TARGET_NAME)";
				SWIFT_VERSION = 3.0;
				TEST_HOST = "$(BUILT_PRODUCTS_DIR)/RSS.app/RSS";
			};
			name = Release;
		};
		6D78D4001E9B218400C594B0 /* Debug */ = {
			isa = XCBuildConfiguration;
			buildSettings = {
				ALWAYS_EMBED_SWIFT_STANDARD_LIBRARIES = YES;
				DEVELOPMENT_TEAM = 287777Y9UG;
				INFOPLIST_FILE = RSSUITests/Info.plist;
				LD_RUNPATH_SEARCH_PATHS = "$(inherited) @executable_path/Frameworks @loader_path/Frameworks";
				PRODUCT_BUNDLE_IDENTIFIER = com.BGT.RSSUITests;
				PRODUCT_NAME = "$(TARGET_NAME)";
				SWIFT_VERSION = 3.0;
				TEST_TARGET_NAME = RSS;
			};
			name = Debug;
		};
		6D78D4011E9B218400C594B0 /* Release */ = {
			isa = XCBuildConfiguration;
			buildSettings = {
				ALWAYS_EMBED_SWIFT_STANDARD_LIBRARIES = YES;
				DEVELOPMENT_TEAM = 287777Y9UG;
				INFOPLIST_FILE = RSSUITests/Info.plist;
				LD_RUNPATH_SEARCH_PATHS = "$(inherited) @executable_path/Frameworks @loader_path/Frameworks";
				PRODUCT_BUNDLE_IDENTIFIER = com.BGT.RSSUITests;
				PRODUCT_NAME = "$(TARGET_NAME)";
				SWIFT_VERSION = 3.0;
				TEST_TARGET_NAME = RSS;
			};
			name = Release;
		};
/* End XCBuildConfiguration section */

/* Begin XCConfigurationList section */
		6D78D3C91E9B218300C594B0 /* Build configuration list for PBXProject "RSS" */ = {
			isa = XCConfigurationList;
			buildConfigurations = (
				6D78D3F71E9B218400C594B0 /* Debug */,
				6D78D3F81E9B218400C594B0 /* Release */,
			);
			defaultConfigurationIsVisible = 0;
			defaultConfigurationName = Release;
		};
		6D78D3F91E9B218400C594B0 /* Build configuration list for PBXNativeTarget "RSS" */ = {
			isa = XCConfigurationList;
			buildConfigurations = (
				6D78D3FA1E9B218400C594B0 /* Debug */,
				6D78D3FB1E9B218400C594B0 /* Release */,
			);
			defaultConfigurationIsVisible = 0;
		};
		6D78D3FC1E9B218400C594B0 /* Build configuration list for PBXNativeTarget "RSSTests" */ = {
			isa = XCConfigurationList;
			buildConfigurations = (
				6D78D3FD1E9B218400C594B0 /* Debug */,
				6D78D3FE1E9B218400C594B0 /* Release */,
			);
			defaultConfigurationIsVisible = 0;
		};
		6D78D3FF1E9B218400C594B0 /* Build configuration list for PBXNativeTarget "RSSUITests" */ = {
			isa = XCConfigurationList;
			buildConfigurations = (
				6D78D4001E9B218400C594B0 /* Debug */,
				6D78D4011E9B218400C594B0 /* Release */,
			);
			defaultConfigurationIsVisible = 0;
		};
/* End XCConfigurationList section */

/* Begin XCVersionGroup section */
		6D78D3D81E9B218300C594B0 /* RSS.xcdatamodeld */ = {
			isa = XCVersionGroup;
			children = (
				6D78D3D91E9B218300C594B0 /* RSS.xcdatamodel */,
			);
			currentVersion = 6D78D3D91E9B218300C594B0 /* RSS.xcdatamodel */;
			path = RSS.xcdatamodeld;
			sourceTree = "<group>";
			versionGroupType = wrapper.xcdatamodel;
		};
/* End XCVersionGroup section */
	};
	rootObject = 6D78D3C61E9B218300C594B0 /* Project object */;
}
